{
	"name": "monorepo-ts-helper-functions",
	"version": "1.0.0",
	"lockfileVersion": 2,
	"requires": true,
	"packages": {
		"": {
			"name": "monorepo-ts-helper-functions",
			"version": "1.0.0",
			"license": "UNLICENSED",
			"dependencies": {
				"io-ts": "2.2.17",
				"io-ts-types": "0.5.16",
				"ts-custom-error": "3.2.0"
			}
		},
		"node_modules/fp-ts": {
			"version": "2.13.1",
			"resolved": "https://registry.npmjs.org/fp-ts/-/fp-ts-2.13.1.tgz",
			"integrity": "sha512-0eu5ULPS2c/jsa1lGFneEFFEdTbembJv8e4QKXeVJ3lm/5hyve06dlKZrpxmMwJt6rYen7sxmHHK2CLaXvWuWQ==",
			"peer": true
		},
		"node_modules/io-ts": {
			"version": "2.2.17",
			"resolved": "https://registry.npmjs.org/io-ts/-/io-ts-2.2.17.tgz",
			"integrity": "sha512-RkQY06h6rRyADVEI46OCAUYTP2p18Vdtz9Movi19Mmj7SJ1NhN/yGyW7CxlcBVxh95WKg2YSbTmcUPqqeLuhXw==",
			"peerDependencies": {
				"fp-ts": "^2.5.0"
			}
		},
		"node_modules/io-ts-types": {
			"version": "0.5.16",
			"resolved": "https://registry.npmjs.org/io-ts-types/-/io-ts-types-0.5.16.tgz",
			"integrity": "sha512-h9noYVfY9rlbmKI902SJdnV/06jgiT2chxG6lYDxaYNp88HscPi+SBCtmcU+m0E7WT5QSwt7sIMj93+qu0FEwQ==",
			"peerDependencies": {
				"fp-ts": "^2.0.0",
				"io-ts": "^2.0.0",
				"monocle-ts": "^2.0.0",
				"newtype-ts": "^0.3.2"
			}
		},
		"node_modules/monocle-ts": {
			"version": "2.3.13",
			"resolved": "https://registry.npmjs.org/monocle-ts/-/monocle-ts-2.3.13.tgz",
			"integrity": "sha512-D5Ygd3oulEoAm3KuGO0eeJIrhFf1jlQIoEVV2DYsZUMz42j4tGxgct97Aq68+F8w4w4geEnwFa8HayTS/7lpKQ==",
			"peer": true,
			"peerDependencies": {
				"fp-ts": "^2.5.0"
			}
		},
		"node_modules/newtype-ts": {
			"version": "0.3.5",
			"resolved": "https://registry.npmjs.org/newtype-ts/-/newtype-ts-0.3.5.tgz",
			"integrity": "sha512-v83UEQMlVR75yf1OUdoSFssjitxzjZlqBAjiGQ4WJaML8Jdc68LJ+BaSAXUmKY4bNzp7hygkKLYTsDi14PxI2g==",
			"peer": true,
			"peerDependencies": {
				"fp-ts": "^2.0.0",
				"monocle-ts": "^2.0.0"
			}
		},
		"node_modules/ts-custom-error": {
			"version": "3.2.0",
			"resolved": "https://registry.npmjs.org/ts-custom-error/-/ts-custom-error-3.2.0.tgz",
			"integrity": "sha512-cBvC2QjtvJ9JfWLvstVnI45Y46Y5dMxIaG1TDMGAD/R87hpvqFL+7LhvUDhnRCfOnx/xitollFWWvUKKKhbN0A==",
			"engines": {
				"node": ">=8.0.0"
			}
		}
	},
	"dependencies": {
		"fp-ts": {
			"version": "2.13.1",
			"resolved": "https://registry.npmjs.org/fp-ts/-/fp-ts-2.13.1.tgz",
			"integrity": "sha512-0eu5ULPS2c/jsa1lGFneEFFEdTbembJv8e4QKXeVJ3lm/5hyve06dlKZrpxmMwJt6rYen7sxmHHK2CLaXvWuWQ==",
			"peer": true
		},
		"io-ts": {
			"version": "2.2.17",
			"resolved": "https://registry.npmjs.org/io-ts/-/io-ts-2.2.17.tgz",
			"integrity": "sha512-RkQY06h6rRyADVEI46OCAUYTP2p18Vdtz9Movi19Mmj7SJ1NhN/yGyW7CxlcBVxh95WKg2YSbTmcUPqqeLuhXw==",
			"requires": {}
		},
		"io-ts-types": {
			"version": "0.5.16",
			"resolved": "https://registry.npmjs.org/io-ts-types/-/io-ts-types-0.5.16.tgz",
			"integrity": "sha512-h9noYVfY9rlbmKI902SJdnV/06jgiT2chxG6lYDxaYNp88HscPi+SBCtmcU+m0E7WT5QSwt7sIMj93+qu0FEwQ==",
			"requires": {}
		},
		"monocle-ts": {
			"version": "2.3.13",
			"resolved": "https://registry.npmjs.org/monocle-ts/-/monocle-ts-2.3.13.tgz",
			"integrity": "sha512-D5Ygd3oulEoAm3KuGO0eeJIrhFf1jlQIoEVV2DYsZUMz42j4tGxgct97Aq68+F8w4w4geEnwFa8HayTS/7lpKQ==",
			"peer": true,
			"requires": {}
		},
		"newtype-ts": {
			"version": "0.3.5",
			"resolved": "https://registry.npmjs.org/newtype-ts/-/newtype-ts-0.3.5.tgz",
			"integrity": "sha512-v83UEQMlVR75yf1OUdoSFssjitxzjZlqBAjiGQ4WJaML8Jdc68LJ+BaSAXUmKY4bNzp7hygkKLYTsDi14PxI2g==",
			"peer": true,
			"requires": {}
		},
		"ts-custom-error": {
			"version": "3.2.0",
			"resolved": "https://registry.npmjs.org/ts-custom-error/-/ts-custom-error-3.2.0.tgz",
			"integrity": "sha512-cBvC2QjtvJ9JfWLvstVnI45Y46Y5dMxIaG1TDMGAD/R87hpvqFL+7LhvUDhnRCfOnx/xitollFWWvUKKKhbN0A=="
		}
	}
}
